<?xml version="1.0" encoding="utf-8"?>
<Project ToolsVersion="4.0" xmlns="http://schemas.microsoft.com/developer/msbuild/2003">
  <ItemGroup>
    <Filter Include="Source Files">
      <UniqueIdentifier>{4FC737F1-C7A5-4376-A066-2A32D752A2FF}</UniqueIdentifier>
      <Extensions>cpp;c;cc;cxx;def;odl;idl;hpj;bat;asm;asmx</Extensions>
    </Filter>
    <Filter Include="Header Files">
      <UniqueIdentifier>{93995380-89BD-4b04-88EB-625FBE52EBFB}</UniqueIdentifier>
      <Extensions>h;hh;hpp;hxx;hm;inl;inc;xsd</Extensions>
    </Filter>
    <Filter Include="Resource Files">
      <UniqueIdentifier>{67DA6AB6-F800-4c08-8B7A-83BB121AAD01}</UniqueIdentifier>
      <Extensions>rc;ico;cur;bmp;dlg;rc2;rct;bin;rgs;gif;jpg;jpeg;jpe;resx;tiff;tif;png;wav;mfcribbon-ms</Extensions>
    </Filter>
    <Filter Include="Header Files\Shapes">
      <UniqueIdentifier>{a7261022-0bef-41bd-8f08-0afade5d23ad}</UniqueIdentifier>
    </Filter>
    <Filter Include="Header Files\Factory">
      <UniqueIdentifier>{ca97770e-cdc5-470e-84e6-afadeb73e8b5}</UniqueIdentifier>
    </Filter>
    <Filter Include="Source Files\Shapes">
      <UniqueIdentifier>{2db5b747-4d39-4894-8693-2b766b3be04d}</UniqueIdentifier>
    </Filter>
    <Filter Include="Source Files\AddOnDialogs">
      <UniqueIdentifier>{d6025bd6-a2d5-44f9-a6b4-289f06d2ae32}</UniqueIdentifier>
    </Filter>
    <Filter Include="Header Files\AddOnsDialog">
      <UniqueIdentifier>{5c9d289a-04ef-4eb2-a659-d73c8aeeb0a0}</UniqueIdentifier>
    </Filter>
    <Filter Include="Header Files\Action">
      <UniqueIdentifier>{080c040f-c8c9-4186-83c2-b31979926e65}</UniqueIdentifier>
    </Filter>
  </ItemGroup>
  <ItemGroup>
    <ClInclude Include="MyFinalPaint.h">
      <Filter>Header Files</Filter>
    </ClInclude>
    <ClInclude Include="MyFinalPaintDlg.h">
      <Filter>Header Files</Filter>
    </ClInclude>
    <ClInclude Include="stdafx.h">
      <Filter>Header Files</Filter>
    </ClInclude>
    <ClInclude Include="targetver.h">
      <Filter>Header Files</Filter>
    </ClInclude>
    <ClInclude Include="resource.h">
      <Filter>Header Files</Filter>
    </ClInclude>
    <ClInclude Include="MyLine.h">
      <Filter>Header Files\Shapes</Filter>
    </ClInclude>
    <ClInclude Include="MyEllipse.h">
      <Filter>Header Files\Shapes</Filter>
    </ClInclude>
    <ClInclude Include="MyRectangle.h">
      <Filter>Header Files\Shapes</Filter>
    </ClInclude>
    <ClInclude Include="MyShape.h">
      <Filter>Header Files\Shapes</Filter>
    </ClInclude>
    <ClInclude Include="MyFactory.h">
      <Filter>Header Files\Factory</Filter>
    </ClInclude>
    <ClInclude Include="MyLineFactory.h">
      <Filter>Header Files\Factory</Filter>
    </ClInclude>
    <ClInclude Include="MyRectangleFactory.h">
      <Filter>Header Files\Factory</Filter>
    </ClInclude>
    <ClInclude Include="MyEllipseFactory.h">
      <Filter>Header Files\Factory</Filter>
    </ClInclude>
    <ClInclude Include="MyTriangle.h">
      <Filter>Header Files\Shapes</Filter>
    </ClInclude>
    <ClInclude Include="MyPoint.h">
      <Filter>Header Files\Shapes</Filter>
    </ClInclude>
    <ClInclude Include="MyTriangleFactory.h">
      <Filter>Header Files\Factory</Filter>
    </ClInclude>
    <ClInclude Include="SignatureDialog.h">
      <Filter>Header Files\AddOnsDialog</Filter>
    </ClInclude>
    <ClInclude Include="AboutUs.h">
      <Filter>Header Files\AddOnsDialog</Filter>
    </ClInclude>
    <ClInclude Include="Command.h">
      <Filter>Header Files\Action</Filter>
    </ClInclude>
    <ClInclude Include="AddCommand.h">
      <Filter>Header Files\Action</Filter>
    </ClInclude>
  </ItemGroup>
  <ItemGroup>
    <ClCompile Include="MyFinalPaint.cpp">
      <Filter>Source Files</Filter>
    </ClCompile>
    <ClCompile Include="MyFinalPaintDlg.cpp">
      <Filter>Source Files</Filter>
    </ClCompile>
    <ClCompile Include="stdafx.cpp">
      <Filter>Source Files</Filter>
    </ClCompile>
    <ClCompile Include="MyTriangle.cpp">
      <Filter>Source Files\Shapes</Filter>
    </ClCompile>
    <ClCompile Include="MyRectangle.cpp">
      <Filter>Source Files\Shapes</Filter>
    </ClCompile>
    <ClCompile Include="MyLine.cpp">
      <Filter>Source Files\Shapes</Filter>
    </ClCompile>
    <ClCompile Include="MyEllipse.cpp">
      <Filter>Source Files\Shapes</Filter>
    </ClCompile>
    <ClCompile Include="MyShape.cpp">
      <Filter>Source Files\Shapes</Filter>
    </ClCompile>
    <ClCompile Include="AddCommand.cpp">
      <Filter>Source Files</Filter>
    </ClCompile>
    <ClCompile Include="MyPoint.cpp">
      <Filter>Source Files</Filter>
    </ClCompile>
    <ClCompile Include="SignatureDialog.cpp">
      <Filter>Source Files\AddOnDialogs</Filter>
    </ClCompile>
    <ClCompile Include="AboutUs.cpp">
      <Filter>Source Files\AddOnDialogs</Filter>
    </ClCompile>
  </ItemGroup>
  <ItemGroup>
    <ResourceCompile Include="MyFinalPaint.rc">
      <Filter>Resource Files</Filter>
    </ResourceCompile>
  </ItemGroup>
  <ItemGroup>
    <None Include="res\MyFinalPaint.rc2">
      <Filter>Resource Files</Filter>
    </None>
  </ItemGroup>
  <ItemGroup>
    <Image Include="res\MyFinalPaint.ico">
      <Filter>Resource Files</Filter>
    </Image>
    <Image Include="..\..\..\..\desktop\שנה ב\paintproject\res\toolbar3.bmp">
      <Filter>Resource Files</Filter>
    </Image>
    <Image Include="res\toolbar3.bmp">
      <Filter>Resource Files</Filter>
    </Image>
    <Image Include="..\..\..\..\..\Downloads\Trash_Can-512.bmp">
      <Filter>Resource Files</Filter>
    </Image>
    <Image Include="..\..\..\..\..\Desktop\Trash_Can-512.png">
      <Filter>Resource Files</Filter>
    </Image>
    <Image Include="..\..\..\..\..\Downloads\Trash_Can-512 (1).bmp">
      <Filter>Resource Files</Filter>
    </Image>
    <Image Include="res\1443908522-300px.bmp">
      <Filter>Resource Files</Filter>
    </Image>
    <Image Include="res\bitmap4.bmp">
      <Filter>Resource Files</Filter>
    </Image>
    <Image Include="res\Trash-Recyclebin-Empty-Closed.bmp">
      <Filter>Resource Files</Filter>
    </Image>
  </ItemGroup>
</Project>